
Microsoft Visual Studio Solution File, Format Version 12.00
# Visual Studio Version 17
VisualStudioVersion = 17.0.31717.71
MinimumVisualStudioVersion = 10.0.40219.1
Project("{FAE04EC0-301F-11D3-BF4B-00C04F79EFBC}") = "MumsWhoCode.Build.Console", "MumsWhoCode.Build.Console\MumsWhoCode.Build.Console.csproj", "{7B30B7CE-E3FE-40E5-AD4C-A827E2165BA2}"
EndProject
Global
	GlobalSection(SolutionConfigurationPlatforms) = preSolution
		Debug|Any CPU = Debug|Any CPU
		Release|Any CPU = Release|Any CPU
	EndGlobalSection
	GlobalSection(ProjectConfigurationPlatforms) = postSolution
		{7B30B7CE-E3FE-40E5-AD4C-A827E2165BA2}.Debug|Any CPU.ActiveCfg = Debug|Any CPU
		{7B30B7CE-E3FE-40E5-AD4C-A827E2165BA2}.Debug|Any CPU.Build.0 = Debug|Any CPU
		{7B30B7CE-E3FE-40E5-AD4C-A827E2165BA2}.Release|Any CPU.ActiveCfg = Release|Any CPU
		{7B30B7CE-E3FE-40E5-AD4C-A827E2165BA2}.Release|Any CPU.Build.0 = Release|Any CPU
	EndGlobalSection
	GlobalSection(SolutionProperties) = preSolution
		HideSolutionNode = FALSE
	EndGlobalSection
	GlobalSection(ExtensibilityGlobals) = postSolution
		SolutionGuid = {970AB78B-59FE-4EE9-8C44-D5D5B1E59CF8}
	EndGlobalSection
EndGlobal
